
Microsoft Visual Studio Solution File, Format Version 12.00
# Visual Studio 15
VisualStudioVersion = 15.0.28307.852
MinimumVisualStudioVersion = 10.0.40219.1
Project("{FAE04EC0-301F-11D3-BF4B-00C04F79EFBC}") = "Sports Store", "Sports Store\Sports Store.csproj", "{03931E49-7769-4204-965E-A7BFBB8198B3}"
EndProject
Global
	GlobalSection(SolutionConfigurationPlatforms) = preSolution
		Debug|Any CPU = Debug|Any CPU
		Release|Any CPU = Release|Any CPU
	EndGlobalSection
	GlobalSection(ProjectConfigurationPlatforms) = postSolution
		{03931E49-7769-4204-965E-A7BFBB8198B3}.Debug|Any CPU.ActiveCfg = Debug|Any CPU
		{03931E49-7769-4204-965E-A7BFBB8198B3}.Debug|Any CPU.Build.0 = Debug|Any CPU
		{03931E49-7769-4204-965E-A7BFBB8198B3}.Release|Any CPU.ActiveCfg = Release|Any CPU
		{03931E49-7769-4204-965E-A7BFBB8198B3}.Release|Any CPU.Build.0 = Release|Any CPU
	EndGlobalSection
	GlobalSection(SolutionProperties) = preSolution
		HideSolutionNode = FALSE
	EndGlobalSection
	GlobalSection(ExtensibilityGlobals) = postSolution
		SolutionGuid = {F2AC641B-4A25-4BE2-B2AE-E2A48801B217}
	EndGlobalSection
EndGlobal
